
Microsoft Visual Studio Solution File, Format Version 11.00
# Visual Studio 2010
Project("{FAE04EC0-301F-11D3-BF4B-00C04F79EFBC}") = "CGo", "Assembly-CSharp.csproj", "{30500487-3688-7B6F-A446-360D0D492AD3}"
EndProject
Project("{FAE04EC0-301F-11D3-BF4B-00C04F79EFBC}") = "CGo", "Assembly-CSharp-Editor.csproj", "{3D2AABE7-8F30-A34C-6FC2-6DF396DF2BFD}"
EndProject
Global
	GlobalSection(SolutionConfigurationPlatforms) = preSolution
		Debug|Any CPU = Debug|Any CPU
		Release|Any CPU = Release|Any CPU
	EndGlobalSection
	GlobalSection(ProjectConfigurationPlatforms) = postSolution
		{30500487-3688-7B6F-A446-360D0D492AD3}.Debug|Any CPU.ActiveCfg = Debug|Any CPU
		{30500487-3688-7B6F-A446-360D0D492AD3}.Debug|Any CPU.Build.0 = Debug|Any CPU
		{30500487-3688-7B6F-A446-360D0D492AD3}.Release|Any CPU.ActiveCfg = Release|Any CPU
		{30500487-3688-7B6F-A446-360D0D492AD3}.Release|Any CPU.Build.0 = Release|Any CPU
		{3D2AABE7-8F30-A34C-6FC2-6DF396DF2BFD}.Debug|Any CPU.ActiveCfg = Debug|Any CPU
		{3D2AABE7-8F30-A34C-6FC2-6DF396DF2BFD}.Debug|Any CPU.Build.0 = Debug|Any CPU
		{3D2AABE7-8F30-A34C-6FC2-6DF396DF2BFD}.Release|Any CPU.ActiveCfg = Release|Any CPU
		{3D2AABE7-8F30-A34C-6FC2-6DF396DF2BFD}.Release|Any CPU.Build.0 = Release|Any CPU
	EndGlobalSection
	GlobalSection(SolutionProperties) = preSolution
		HideSolutionNode = FALSE
	EndGlobalSection
	GlobalSection(MonoDevelopProperties) = preSolution
		StartupItem = Assembly-CSharp.csproj
	EndGlobalSection
EndGlobal
